
Microsoft Visual Studio Solution File, Format Version 12.00
# Visual Studio Version 16
VisualStudioVersion = 16.0.29009.5
MinimumVisualStudioVersion = 10.0.40219.1
Project("{9A19103F-16F7-4668-BE54-9A1E7A4F7556}") = "APIJuntosUsuarios", "APIJuntosUsuarios\APIJuntosUsuarios.csproj", "{29C8EBE7-42A4-46C6-93A5-8AAC4BA2AA8B}"
EndProject
Project("{9A19103F-16F7-4668-BE54-9A1E7A4F7556}") = "JuntosData", "JuntosData\JuntosData.csproj", "{EEB33E59-C320-456C-B406-6C4A52F435EB}"
EndProject
Project("{9A19103F-16F7-4668-BE54-9A1E7A4F7556}") = "JuntosBusiness", "JuntosBusiness\JuntosBusiness.csproj", "{1C5876B6-609B-4E21-940E-6675520ABE25}"
EndProject
Project("{9A19103F-16F7-4668-BE54-9A1E7A4F7556}") = "JuntosEntities", "JuntosEntities\JuntosEntities.csproj", "{9118CA81-98A3-43B4-B9FF-CB8849D1A0B9}"
EndProject
Project("{FAE04EC0-301F-11D3-BF4B-00C04F79EFBC}") = "JuntosTest", "JuntosTest\JuntosTest.csproj", "{36DB362D-5EB1-49FA-85CF-AB036A404859}"
EndProject
Global
	GlobalSection(SolutionConfigurationPlatforms) = preSolution
		Debug|Any CPU = Debug|Any CPU
		Release|Any CPU = Release|Any CPU
	EndGlobalSection
	GlobalSection(ProjectConfigurationPlatforms) = postSolution
		{29C8EBE7-42A4-46C6-93A5-8AAC4BA2AA8B}.Debug|Any CPU.ActiveCfg = Debug|Any CPU
		{29C8EBE7-42A4-46C6-93A5-8AAC4BA2AA8B}.Debug|Any CPU.Build.0 = Debug|Any CPU
		{29C8EBE7-42A4-46C6-93A5-8AAC4BA2AA8B}.Release|Any CPU.ActiveCfg = Release|Any CPU
		{29C8EBE7-42A4-46C6-93A5-8AAC4BA2AA8B}.Release|Any CPU.Build.0 = Release|Any CPU
		{EEB33E59-C320-456C-B406-6C4A52F435EB}.Debug|Any CPU.ActiveCfg = Debug|Any CPU
		{EEB33E59-C320-456C-B406-6C4A52F435EB}.Debug|Any CPU.Build.0 = Debug|Any CPU
		{EEB33E59-C320-456C-B406-6C4A52F435EB}.Release|Any CPU.ActiveCfg = Release|Any CPU
		{EEB33E59-C320-456C-B406-6C4A52F435EB}.Release|Any CPU.Build.0 = Release|Any CPU
		{1C5876B6-609B-4E21-940E-6675520ABE25}.Debug|Any CPU.ActiveCfg = Debug|Any CPU
		{1C5876B6-609B-4E21-940E-6675520ABE25}.Debug|Any CPU.Build.0 = Debug|Any CPU
		{1C5876B6-609B-4E21-940E-6675520ABE25}.Release|Any CPU.ActiveCfg = Release|Any CPU
		{1C5876B6-609B-4E21-940E-6675520ABE25}.Release|Any CPU.Build.0 = Release|Any CPU
		{9118CA81-98A3-43B4-B9FF-CB8849D1A0B9}.Debug|Any CPU.ActiveCfg = Debug|Any CPU
		{9118CA81-98A3-43B4-B9FF-CB8849D1A0B9}.Debug|Any CPU.Build.0 = Debug|Any CPU
		{9118CA81-98A3-43B4-B9FF-CB8849D1A0B9}.Release|Any CPU.ActiveCfg = Release|Any CPU
		{9118CA81-98A3-43B4-B9FF-CB8849D1A0B9}.Release|Any CPU.Build.0 = Release|Any CPU
		{36DB362D-5EB1-49FA-85CF-AB036A404859}.Debug|Any CPU.ActiveCfg = Debug|Any CPU
		{36DB362D-5EB1-49FA-85CF-AB036A404859}.Debug|Any CPU.Build.0 = Debug|Any CPU
		{36DB362D-5EB1-49FA-85CF-AB036A404859}.Release|Any CPU.ActiveCfg = Release|Any CPU
		{36DB362D-5EB1-49FA-85CF-AB036A404859}.Release|Any CPU.Build.0 = Release|Any CPU
	EndGlobalSection
	GlobalSection(SolutionProperties) = preSolution
		HideSolutionNode = FALSE
	EndGlobalSection
	GlobalSection(ExtensibilityGlobals) = postSolution
		SolutionGuid = {E6477835-8DC0-429E-B3AD-E1AD36B44085}
	EndGlobalSection
EndGlobal
